
Microsoft Visual Studio Solution File, Format Version 12.00
# Visual Studio Version 17
VisualStudioVersion = 17.1.32421.90
MinimumVisualStudioVersion = 10.0.40219.1
Project("{9A19103F-16F7-4668-BE54-9A1E7A4F7556}") = "OnionArch", "OnionArch\OnionArch.csproj", "{30C307C8-A830-4448-BA5B-A693E339825B}"
EndProject
Project("{9A19103F-16F7-4668-BE54-9A1E7A4F7556}") = "DomainLayer", "DomainLayer\DomainLayer.csproj", "{96364623-A045-4DE4-A4FE-E0A14C5B3B76}"
EndProject
Project("{9A19103F-16F7-4668-BE54-9A1E7A4F7556}") = "RepositoryLayer", "RepositoryLayer\RepositoryLayer.csproj", "{9968174B-B4A3-4B82-A492-C59C5F81D4F0}"
EndProject
Project("{9A19103F-16F7-4668-BE54-9A1E7A4F7556}") = "ServiceLayer", "ServiceLayer\ServiceLayer.csproj", "{AA045BAC-873C-4006-8B06-78BCC960C6BE}"
EndProject
Project("{FAE04EC0-301F-11D3-BF4B-00C04F79EFBC}") = "WebMvc", "WebMvc\WebMvc.csproj", "{03802079-C27D-46F0-989A-DBBB42DAC8C0}"
EndProject
Global
	GlobalSection(SolutionConfigurationPlatforms) = preSolution
		Debug|Any CPU = Debug|Any CPU
		Release|Any CPU = Release|Any CPU
	EndGlobalSection
	GlobalSection(ProjectConfigurationPlatforms) = postSolution
		{30C307C8-A830-4448-BA5B-A693E339825B}.Debug|Any CPU.ActiveCfg = Debug|Any CPU
		{30C307C8-A830-4448-BA5B-A693E339825B}.Debug|Any CPU.Build.0 = Debug|Any CPU
		{30C307C8-A830-4448-BA5B-A693E339825B}.Release|Any CPU.ActiveCfg = Release|Any CPU
		{30C307C8-A830-4448-BA5B-A693E339825B}.Release|Any CPU.Build.0 = Release|Any CPU
		{96364623-A045-4DE4-A4FE-E0A14C5B3B76}.Debug|Any CPU.ActiveCfg = Debug|Any CPU
		{96364623-A045-4DE4-A4FE-E0A14C5B3B76}.Debug|Any CPU.Build.0 = Debug|Any CPU
		{96364623-A045-4DE4-A4FE-E0A14C5B3B76}.Release|Any CPU.ActiveCfg = Release|Any CPU
		{96364623-A045-4DE4-A4FE-E0A14C5B3B76}.Release|Any CPU.Build.0 = Release|Any CPU
		{9968174B-B4A3-4B82-A492-C59C5F81D4F0}.Debug|Any CPU.ActiveCfg = Debug|Any CPU
		{9968174B-B4A3-4B82-A492-C59C5F81D4F0}.Debug|Any CPU.Build.0 = Debug|Any CPU
		{9968174B-B4A3-4B82-A492-C59C5F81D4F0}.Release|Any CPU.ActiveCfg = Release|Any CPU
		{9968174B-B4A3-4B82-A492-C59C5F81D4F0}.Release|Any CPU.Build.0 = Release|Any CPU
		{AA045BAC-873C-4006-8B06-78BCC960C6BE}.Debug|Any CPU.ActiveCfg = Debug|Any CPU
		{AA045BAC-873C-4006-8B06-78BCC960C6BE}.Debug|Any CPU.Build.0 = Debug|Any CPU
		{AA045BAC-873C-4006-8B06-78BCC960C6BE}.Release|Any CPU.ActiveCfg = Release|Any CPU
		{AA045BAC-873C-4006-8B06-78BCC960C6BE}.Release|Any CPU.Build.0 = Release|Any CPU
		{03802079-C27D-46F0-989A-DBBB42DAC8C0}.Debug|Any CPU.ActiveCfg = Debug|Any CPU
		{03802079-C27D-46F0-989A-DBBB42DAC8C0}.Debug|Any CPU.Build.0 = Debug|Any CPU
		{03802079-C27D-46F0-989A-DBBB42DAC8C0}.Release|Any CPU.ActiveCfg = Release|Any CPU
		{03802079-C27D-46F0-989A-DBBB42DAC8C0}.Release|Any CPU.Build.0 = Release|Any CPU
	EndGlobalSection
	GlobalSection(SolutionProperties) = preSolution
		HideSolutionNode = FALSE
	EndGlobalSection
	GlobalSection(ExtensibilityGlobals) = postSolution
		SolutionGuid = {979377A1-3D96-4DA1-9B88-739F819A5601}
	EndGlobalSection
EndGlobal
